
Microsoft Visual Studio Solution File, Format Version 12.00
# Visual Studio 15
VisualStudioVersion = 15.0.26730.16
MinimumVisualStudioVersion = 10.0.40219.1
Project("{FAE04EC0-301F-11D3-BF4B-00C04F79EFBC}") = "CargoMate.DataAccess", "CargoMate.DataAccess\CargoMate.DataAccess.csproj", "{EA3E080B-CB3E-4AD8-99C9-2073A421FED3}"
EndProject
Project("{FAE04EC0-301F-11D3-BF4B-00C04F79EFBC}") = "CargoMate.Web.Admin", "CargoMate.Web.Admin\CargoMate.Web.Admin.csproj", "{951E43F3-61A0-4019-9314-30CED953BB8F}"
EndProject
Project("{FAE04EC0-301F-11D3-BF4B-00C04F79EFBC}") = "CargoMate.Web.FrontEnd", "CargoMate.Web.FrontEnd\CargoMate.Web.FrontEnd.csproj", "{4D400EF4-D3F5-4EB5-8C46-095741E85F35}"
EndProject
Global
	GlobalSection(SolutionConfigurationPlatforms) = preSolution
		Debug|Any CPU = Debug|Any CPU
		Release|Any CPU = Release|Any CPU
	EndGlobalSection
	GlobalSection(ProjectConfigurationPlatforms) = postSolution
		{EA3E080B-CB3E-4AD8-99C9-2073A421FED3}.Debug|Any CPU.ActiveCfg = Debug|Any CPU
		{EA3E080B-CB3E-4AD8-99C9-2073A421FED3}.Debug|Any CPU.Build.0 = Debug|Any CPU
		{EA3E080B-CB3E-4AD8-99C9-2073A421FED3}.Release|Any CPU.ActiveCfg = Release|Any CPU
		{EA3E080B-CB3E-4AD8-99C9-2073A421FED3}.Release|Any CPU.Build.0 = Release|Any CPU
		{951E43F3-61A0-4019-9314-30CED953BB8F}.Debug|Any CPU.ActiveCfg = Debug|Any CPU
		{951E43F3-61A0-4019-9314-30CED953BB8F}.Debug|Any CPU.Build.0 = Debug|Any CPU
		{951E43F3-61A0-4019-9314-30CED953BB8F}.Release|Any CPU.ActiveCfg = Release|Any CPU
		{951E43F3-61A0-4019-9314-30CED953BB8F}.Release|Any CPU.Build.0 = Release|Any CPU
		{4D400EF4-D3F5-4EB5-8C46-095741E85F35}.Debug|Any CPU.ActiveCfg = Debug|Any CPU
		{4D400EF4-D3F5-4EB5-8C46-095741E85F35}.Debug|Any CPU.Build.0 = Debug|Any CPU
		{4D400EF4-D3F5-4EB5-8C46-095741E85F35}.Release|Any CPU.ActiveCfg = Release|Any CPU
		{4D400EF4-D3F5-4EB5-8C46-095741E85F35}.Release|Any CPU.Build.0 = Release|Any CPU
	EndGlobalSection
	GlobalSection(SolutionProperties) = preSolution
		HideSolutionNode = FALSE
	EndGlobalSection
	GlobalSection(ExtensibilityGlobals) = postSolution
		SolutionGuid = {AB468633-B773-4CF6-9131-D55F3609217A}
	EndGlobalSection
EndGlobal
